
Microsoft Visual Studio Solution File, Format Version 12.00
# Visual Studio Version 16
VisualStudioVersion = 16.0.28922.388
MinimumVisualStudioVersion = 10.0.40219.1
Project("{FAE04EC0-301F-11D3-BF4B-00C04F79EFBC}") = "pendler", "pendler\pendler.csproj", "{3C3E9E45-8A05-46FD-A122-25FDF18F42D9}"
EndProject
Project("{FAE04EC0-301F-11D3-BF4B-00C04F79EFBC}") = "Libraries", "Libraries\Libraries.csproj", "{A35DB511-2173-47A4-9B40-1BB4F13E1B08}"
EndProject
Project("{FAE04EC0-301F-11D3-BF4B-00C04F79EFBC}") = "RuntimeComponent_BackgroundTasks", "RuntimeComponent_BackgroundTasks\RuntimeComponent_BackgroundTasks.csproj", "{5326EDF3-3E4E-4800-9485-9435488ADA93}"
EndProject
Global
	GlobalSection(SolutionConfigurationPlatforms) = preSolution
		Debug|Any CPU = Debug|Any CPU
		Debug|ARM = Debug|ARM
		Debug|ARM64 = Debug|ARM64
		Debug|x64 = Debug|x64
		Debug|x86 = Debug|x86
		Release|Any CPU = Release|Any CPU
		Release|ARM = Release|ARM
		Release|ARM64 = Release|ARM64
		Release|x64 = Release|x64
		Release|x86 = Release|x86
	EndGlobalSection
	GlobalSection(ProjectConfigurationPlatforms) = postSolution
		{3C3E9E45-8A05-46FD-A122-25FDF18F42D9}.Debug|Any CPU.ActiveCfg = Debug|x86
		{3C3E9E45-8A05-46FD-A122-25FDF18F42D9}.Debug|ARM.ActiveCfg = Debug|ARM
		{3C3E9E45-8A05-46FD-A122-25FDF18F42D9}.Debug|ARM.Build.0 = Debug|ARM
		{3C3E9E45-8A05-46FD-A122-25FDF18F42D9}.Debug|ARM.Deploy.0 = Debug|ARM
		{3C3E9E45-8A05-46FD-A122-25FDF18F42D9}.Debug|ARM64.ActiveCfg = Debug|ARM64
		{3C3E9E45-8A05-46FD-A122-25FDF18F42D9}.Debug|ARM64.Build.0 = Debug|ARM64
		{3C3E9E45-8A05-46FD-A122-25FDF18F42D9}.Debug|ARM64.Deploy.0 = Debug|ARM64
		{3C3E9E45-8A05-46FD-A122-25FDF18F42D9}.Debug|x64.ActiveCfg = Debug|x64
		{3C3E9E45-8A05-46FD-A122-25FDF18F42D9}.Debug|x64.Build.0 = Debug|x64
		{3C3E9E45-8A05-46FD-A122-25FDF18F42D9}.Debug|x64.Deploy.0 = Debug|x64
		{3C3E9E45-8A05-46FD-A122-25FDF18F42D9}.Debug|x86.ActiveCfg = Debug|x86
		{3C3E9E45-8A05-46FD-A122-25FDF18F42D9}.Debug|x86.Build.0 = Debug|x86
		{3C3E9E45-8A05-46FD-A122-25FDF18F42D9}.Debug|x86.Deploy.0 = Debug|x86
		{3C3E9E45-8A05-46FD-A122-25FDF18F42D9}.Release|Any CPU.ActiveCfg = Release|x86
		{3C3E9E45-8A05-46FD-A122-25FDF18F42D9}.Release|ARM.ActiveCfg = Release|ARM
		{3C3E9E45-8A05-46FD-A122-25FDF18F42D9}.Release|ARM.Build.0 = Release|ARM
		{3C3E9E45-8A05-46FD-A122-25FDF18F42D9}.Release|ARM.Deploy.0 = Release|ARM
		{3C3E9E45-8A05-46FD-A122-25FDF18F42D9}.Release|ARM64.ActiveCfg = Release|ARM64
		{3C3E9E45-8A05-46FD-A122-25FDF18F42D9}.Release|ARM64.Build.0 = Release|ARM64
		{3C3E9E45-8A05-46FD-A122-25FDF18F42D9}.Release|ARM64.Deploy.0 = Release|ARM64
		{3C3E9E45-8A05-46FD-A122-25FDF18F42D9}.Release|x64.ActiveCfg = Release|x64
		{3C3E9E45-8A05-46FD-A122-25FDF18F42D9}.Release|x64.Build.0 = Release|x64
		{3C3E9E45-8A05-46FD-A122-25FDF18F42D9}.Release|x64.Deploy.0 = Release|x64
		{3C3E9E45-8A05-46FD-A122-25FDF18F42D9}.Release|x86.ActiveCfg = Release|x86
		{3C3E9E45-8A05-46FD-A122-25FDF18F42D9}.Release|x86.Build.0 = Release|x86
		{3C3E9E45-8A05-46FD-A122-25FDF18F42D9}.Release|x86.Deploy.0 = Release|x86
		{A35DB511-2173-47A4-9B40-1BB4F13E1B08}.Debug|Any CPU.ActiveCfg = Debug|Any CPU
		{A35DB511-2173-47A4-9B40-1BB4F13E1B08}.Debug|Any CPU.Build.0 = Debug|Any CPU
		{A35DB511-2173-47A4-9B40-1BB4F13E1B08}.Debug|ARM.ActiveCfg = Debug|ARM
		{A35DB511-2173-47A4-9B40-1BB4F13E1B08}.Debug|ARM.Build.0 = Debug|ARM
		{A35DB511-2173-47A4-9B40-1BB4F13E1B08}.Debug|ARM64.ActiveCfg = Debug|ARM64
		{A35DB511-2173-47A4-9B40-1BB4F13E1B08}.Debug|ARM64.Build.0 = Debug|ARM64
		{A35DB511-2173-47A4-9B40-1BB4F13E1B08}.Debug|x64.ActiveCfg = Debug|x64
		{A35DB511-2173-47A4-9B40-1BB4F13E1B08}.Debug|x64.Build.0 = Debug|x64
		{A35DB511-2173-47A4-9B40-1BB4F13E1B08}.Debug|x86.ActiveCfg = Debug|x86
		{A35DB511-2173-47A4-9B40-1BB4F13E1B08}.Debug|x86.Build.0 = Debug|x86
		{A35DB511-2173-47A4-9B40-1BB4F13E1B08}.Release|Any CPU.ActiveCfg = Release|Any CPU
		{A35DB511-2173-47A4-9B40-1BB4F13E1B08}.Release|Any CPU.Build.0 = Release|Any CPU
		{A35DB511-2173-47A4-9B40-1BB4F13E1B08}.Release|ARM.ActiveCfg = Release|ARM
		{A35DB511-2173-47A4-9B40-1BB4F13E1B08}.Release|ARM.Build.0 = Release|ARM
		{A35DB511-2173-47A4-9B40-1BB4F13E1B08}.Release|ARM64.ActiveCfg = Release|ARM64
		{A35DB511-2173-47A4-9B40-1BB4F13E1B08}.Release|ARM64.Build.0 = Release|ARM64
		{A35DB511-2173-47A4-9B40-1BB4F13E1B08}.Release|x64.ActiveCfg = Release|x64
		{A35DB511-2173-47A4-9B40-1BB4F13E1B08}.Release|x64.Build.0 = Release|x64
		{A35DB511-2173-47A4-9B40-1BB4F13E1B08}.Release|x86.ActiveCfg = Release|x86
		{A35DB511-2173-47A4-9B40-1BB4F13E1B08}.Release|x86.Build.0 = Release|x86
		{5326EDF3-3E4E-4800-9485-9435488ADA93}.Debug|Any CPU.ActiveCfg = Debug|Any CPU
		{5326EDF3-3E4E-4800-9485-9435488ADA93}.Debug|Any CPU.Build.0 = Debug|Any CPU
		{5326EDF3-3E4E-4800-9485-9435488ADA93}.Debug|ARM.ActiveCfg = Debug|ARM
		{5326EDF3-3E4E-4800-9485-9435488ADA93}.Debug|ARM.Build.0 = Debug|ARM
		{5326EDF3-3E4E-4800-9485-9435488ADA93}.Debug|ARM64.ActiveCfg = Debug|ARM64
		{5326EDF3-3E4E-4800-9485-9435488ADA93}.Debug|ARM64.Build.0 = Debug|ARM64
		{5326EDF3-3E4E-4800-9485-9435488ADA93}.Debug|x64.ActiveCfg = Debug|x64
		{5326EDF3-3E4E-4800-9485-9435488ADA93}.Debug|x64.Build.0 = Debug|x64
		{5326EDF3-3E4E-4800-9485-9435488ADA93}.Debug|x86.ActiveCfg = Debug|x86
		{5326EDF3-3E4E-4800-9485-9435488ADA93}.Debug|x86.Build.0 = Debug|x86
		{5326EDF3-3E4E-4800-9485-9435488ADA93}.Release|Any CPU.ActiveCfg = Release|Any CPU
		{5326EDF3-3E4E-4800-9485-9435488ADA93}.Release|Any CPU.Build.0 = Release|Any CPU
		{5326EDF3-3E4E-4800-9485-9435488ADA93}.Release|ARM.ActiveCfg = Release|ARM
		{5326EDF3-3E4E-4800-9485-9435488ADA93}.Release|ARM.Build.0 = Release|ARM
		{5326EDF3-3E4E-4800-9485-9435488ADA93}.Release|ARM64.ActiveCfg = Release|ARM64
		{5326EDF3-3E4E-4800-9485-9435488ADA93}.Release|ARM64.Build.0 = Release|ARM64
		{5326EDF3-3E4E-4800-9485-9435488ADA93}.Release|x64.ActiveCfg = Release|x64
		{5326EDF3-3E4E-4800-9485-9435488ADA93}.Release|x64.Build.0 = Release|x64
		{5326EDF3-3E4E-4800-9485-9435488ADA93}.Release|x86.ActiveCfg = Release|x86
		{5326EDF3-3E4E-4800-9485-9435488ADA93}.Release|x86.Build.0 = Release|x86
	EndGlobalSection
	GlobalSection(SolutionProperties) = preSolution
		HideSolutionNode = FALSE
	EndGlobalSection
	GlobalSection(ExtensibilityGlobals) = postSolution
		SolutionGuid = {B9F19C65-B45B-47D3-895A-7FCDF32DF864}
	EndGlobalSection
EndGlobal
